// !$*UTF8*$!
{
	archiveVersion = 1;
	classes = {
	};
	objectVersion = 46;
	objects = {

/* Begin PBXBuildFile section */
		E713452F1DDF02D200C981B3 /* main.m in Sources */ = {isa = PBXBuildFile; fileRef = E713452E1DDF02D200C981B3 /* main.m */; };
		E71345381DDF034D00C981B3 /* ShoppingListItem.m in Sources */ = {isa = PBXBuildFile; fileRef = E71345371DDF034D00C981B3 /* ShoppingListItem.m */; };
		E713453D1DDF087100C981B3 /* ShoppingList.m in Sources */ = {isa = PBXBuildFile; fileRef = E713453C1DDF087100C981B3 /* ShoppingList.m */; };
		E71345411DDF326800C981B3 /* Helper.m in Sources */ = {isa = PBXBuildFile; fileRef = E71345401DDF326800C981B3 /* Helper.m */; };
		E71345451DDF332C00C981B3 /* JsonWork.m in Sources */ = {isa = PBXBuildFile; fileRef = E71345441DDF332C00C981B3 /* JsonWork.m */; };
/* End PBXBuildFile section */

/* Begin PBXCopyFilesBuildPhase section */
		E71345291DDF02D200C981B3 /* CopyFiles */ = {
			isa = PBXCopyFilesBuildPhase;
			buildActionMask = 2147483647;
			dstPath = /usr/share/man/man1/;
			dstSubfolderSpec = 0;
			files = (
			);
			runOnlyForDeploymentPostprocessing = 1;
		};
/* End PBXCopyFilesBuildPhase section */

/* Begin PBXFileReference section */
		E713452B1DDF02D200C981B3 /* ShoppingList */ = {isa = PBXFileReference; explicitFileType = "compiled.mach-o.executable"; includeInIndex = 0; path = ShoppingList; sourceTree = BUILT_PRODUCTS_DIR; };
		E713452E1DDF02D200C981B3 /* main.m */ = {isa = PBXFileReference; lastKnownFileType = sourcecode.c.objc; path = main.m; sourceTree = "<group>"; };
		E71345361DDF033200C981B3 /* ShoppingListItem.h */ = {isa = PBXFileReference; lastKnownFileType = sourcecode.c.h; path = ShoppingListItem.h; sourceTree = "<group>"; };
		E71345371DDF034D00C981B3 /* ShoppingListItem.m */ = {isa = PBXFileReference; fileEncoding = 4; lastKnownFileType = sourcecode.c.objc; path = ShoppingListItem.m; sourceTree = "<group>"; };
		E713453B1DDF063C00C981B3 /* ShoppingList.h */ = {isa = PBXFileReference; fileEncoding = 4; lastKnownFileType = sourcecode.c.h; path = ShoppingList.h; sourceTree = "<group>"; };
		E713453C1DDF087100C981B3 /* ShoppingList.m */ = {isa = PBXFileReference; fileEncoding = 4; lastKnownFileType = sourcecode.c.objc; path = ShoppingList.m; sourceTree = "<group>"; };
		E713453F1DDF325700C981B3 /* Helper.h */ = {isa = PBXFileReference; lastKnownFileType = sourcecode.c.h; path = Helper.h; sourceTree = "<group>"; };
		E71345401DDF326800C981B3 /* Helper.m */ = {isa = PBXFileReference; fileEncoding = 4; lastKnownFileType = sourcecode.c.objc; path = Helper.m; sourceTree = "<group>"; };
		E71345431DDF32FD00C981B3 /* JsonWork.h */ = {isa = PBXFileReference; lastKnownFileType = sourcecode.c.h; path = JsonWork.h; sourceTree = "<group>"; };
		E71345441DDF332C00C981B3 /* JsonWork.m */ = {isa = PBXFileReference; fileEncoding = 4; lastKnownFileType = sourcecode.c.objc; path = JsonWork.m; sourceTree = "<group>"; };
/* End PBXFileReference section */

/* Begin PBXFrameworksBuildPhase section */
		E71345281DDF02D200C981B3 /* Frameworks */ = {
			isa = PBXFrameworksBuildPhase;
			buildActionMask = 2147483647;
			files = (
			);
			runOnlyForDeploymentPostprocessing = 0;
		};
/* End PBXFrameworksBuildPhase section */

/* Begin PBXGroup section */
		E71345221DDF02D200C981B3 = {
			isa = PBXGroup;
			children = (
				E713452D1DDF02D200C981B3 /* ShoppingList */,
				E713452C1DDF02D200C981B3 /* Products */,
			);
			sourceTree = "<group>";
		};
		E713452C1DDF02D200C981B3 /* Products */ = {
			isa = PBXGroup;
			children = (
				E713452B1DDF02D200C981B3 /* ShoppingList */,
			);
			name = Products;
			sourceTree = "<group>";
		};
		E713452D1DDF02D200C981B3 /* ShoppingList */ = {
			isa = PBXGroup;
			children = (
				E713452E1DDF02D200C981B3 /* main.m */,
				E71345421DDF32D900C981B3 /* Json */,
				E713453A1DDF063C00C981B3 /* ShoppingList */,
				E71345351DDF032500C981B3 /* ShoppingListItem */,
				E713453E1DDF324000C981B3 /* Helper */,
			);
			path = ShoppingList;
			sourceTree = "<group>";
		};
		E71345351DDF032500C981B3 /* ShoppingListItem */ = {
			isa = PBXGroup;
			children = (
				E71345361DDF033200C981B3 /* ShoppingListItem.h */,
				E71345371DDF034D00C981B3 /* ShoppingListItem.m */,
			);
			path = ShoppingListItem;
			sourceTree = "<group>";
		};
		E713453A1DDF063C00C981B3 /* ShoppingList */ = {
			isa = PBXGroup;
			children = (
				E713453B1DDF063C00C981B3 /* ShoppingList.h */,
				E713453C1DDF087100C981B3 /* ShoppingList.m */,
			);
			path = ShoppingList;
			sourceTree = "<group>";
		};
		E713453E1DDF324000C981B3 /* Helper */ = {
			isa = PBXGroup;
			children = (
				E713453F1DDF325700C981B3 /* Helper.h */,
				E71345401DDF326800C981B3 /* Helper.m */,
			);
			path = Helper;
			sourceTree = "<group>";
		};
		E71345421DDF32D900C981B3 /* Json */ = {
			isa = PBXGroup;
			children = (
				E71345431DDF32FD00C981B3 /* JsonWork.h */,
				E71345441DDF332C00C981B3 /* JsonWork.m */,
			);
			path = Json;
			sourceTree = "<group>";
		};
/* End PBXGroup section */

/* Begin PBXNativeTarget section */
		E713452A1DDF02D200C981B3 /* ShoppingList */ = {
			isa = PBXNativeTarget;
			buildConfigurationList = E71345321DDF02D200C981B3 /* Build configuration list for PBXNativeTarget "ShoppingList" */;
			buildPhases = (
				E71345271DDF02D200C981B3 /* Sources */,
				E71345281DDF02D200C981B3 /* Frameworks */,
				E71345291DDF02D200C981B3 /* CopyFiles */,
			);
			buildRules = (
			);
			dependencies = (
			);
			name = ShoppingList;
			productName = ShoppingList;
			productReference = E713452B1DDF02D200C981B3 /* ShoppingList */;
			productType = "com.apple.product-type.tool";
		};
/* End PBXNativeTarget section */

/* Begin PBXProject section */
		E71345231DDF02D200C981B3 /* Project object */ = {
			isa = PBXProject;
			attributes = {
				LastUpgradeCheck = 0810;
				ORGANIZATIONNAME = mc373;
				TargetAttributes = {
					E713452A1DDF02D200C981B3 = {
						CreatedOnToolsVersion = 8.1;
						ProvisioningStyle = Automatic;
					};
				};
			};
			buildConfigurationList = E71345261DDF02D200C981B3 /* Build configuration list for PBXProject "ShoppingList" */;
			compatibilityVersion = "Xcode 3.2";
			developmentRegion = English;
			hasScannedForEncodings = 0;
			knownRegions = (
				en,
			);
			mainGroup = E71345221DDF02D200C981B3;
			productRefGroup = E713452C1DDF02D200C981B3 /* Products */;
			projectDirPath = "";
			projectRoot = "";
			targets = (
				E713452A1DDF02D200C981B3 /* ShoppingList */,
			);
		};
/* End PBXProject section */

/* Begin PBXSourcesBuildPhase section */
		E71345271DDF02D200C981B3 /* Sources */ = {
			isa = PBXSourcesBuildPhase;
			buildActionMask = 2147483647;
			files = (
				E71345381DDF034D00C981B3 /* ShoppingListItem.m in Sources */,
				E71345451DDF332C00C981B3 /* JsonWork.m in Sources */,
				E713453D1DDF087100C981B3 /* ShoppingList.m in Sources */,
				E713452F1DDF02D200C981B3 /* main.m in Sources */,
				E71345411DDF326800C981B3 /* Helper.m in Sources */,
			);
			runOnlyForDeploymentPostprocessing = 0;
		};
/* End PBXSourcesBuildPhase section */

/* Begin XCBuildConfiguration section */
		E71345301DDF02D200C981B3 /* Debug */ = {
			isa = XCBuildConfiguration;
			buildSettings = {
				ALWAYS_SEARCH_USER_PATHS = NO;
				CLANG_ANALYZER_NONNULL = YES;
				CLANG_CXX_LANGUAGE_STANDARD = "gnu++0x";
				CLANG_CXX_LIBRARY = "libc++";
				CLANG_ENABLE_MODULES = YES;
				CLANG_ENABLE_OBJC_ARC = YES;
				CLANG_WARN_BOOL_CONVERSION = YES;
				CLANG_WARN_CONSTANT_CONVERSION = YES;
				CLANG_WARN_DIRECT_OBJC_ISA_USAGE = YES_ERROR;
				CLANG_WARN_DOCUMENTATION_COMMENTS = YES;
				CLANG_WARN_EMPTY_BODY = YES;
				CLANG_WARN_ENUM_CONVERSION = YES;
				CLANG_WARN_INFINITE_RECURSION = YES;
				CLANG_WARN_INT_CONVERSION = YES;
				CLANG_WARN_OBJC_ROOT_CLASS = YES_ERROR;
				CLANG_WARN_SUSPICIOUS_MOVES = YES;
				CLANG_WARN_UNREACHABLE_CODE = YES;
				CLANG_WARN__DUPLICATE_METHOD_MATCH = YES;
				CODE_SIGN_IDENTITY = "-";
				COPY_PHASE_STRIP = NO;
				DEBUG_INFORMATION_FORMAT = dwarf;
				ENABLE_STRICT_OBJC_MSGSEND = YES;
				ENABLE_TESTABILITY = YES;
				GCC_C_LANGUAGE_STANDARD = gnu99;
				GCC_DYNAMIC_NO_PIC = NO;
				GCC_NO_COMMON_BLOCKS = YES;
				GCC_OPTIMIZATION_LEVEL = 0;
				GCC_PREPROCESSOR_DEFINITIONS = (
					"DEBUG=1",
					"$(inherited)",
				);
				GCC_WARN_64_TO_32_BIT_CONVERSION = YES;
				GCC_WARN_ABOUT_RETURN_TYPE = YES_ERROR;
				GCC_WARN_UNDECLARED_SELECTOR = YES;
				GCC_WARN_UNINITIALIZED_AUTOS = YES_AGGRESSIVE;
				GCC_WARN_UNUSED_FUNCTION = YES;
				GCC_WARN_UNUSED_VARIABLE = YES;
				MACOSX_DEPLOYMENT_TARGET = 10.12;
				MTL_ENABLE_DEBUG_INFO = YES;
				ONLY_ACTIVE_ARCH = YES;
				SDKROOT = macosx;
			};
			name = Debug;
		};
		E71345311DDF02D200C981B3 /* Release */ = {
			isa = XCBuildConfiguration;
			buildSettings = {
				ALWAYS_SEARCH_USER_PATHS = NO;
				CLANG_ANALYZER_NONNULL = YES;
				CLANG_CXX_LANGUAGE_STANDARD = "gnu++0x";
				CLANG_CXX_LIBRARY = "libc++";
				CLANG_ENABLE_MODULES = YES;
				CLANG_ENABLE_OBJC_ARC = YES;
				CLANG_WARN_BOOL_CONVERSION = YES;
				CLANG_WARN_CONSTANT_CONVERSION = YES;
				CLANG_WARN_DIRECT_OBJC_ISA_USAGE = YES_ERROR;
				CLANG_WARN_DOCUMENTATION_COMMENTS = YES;
				CLANG_WARN_EMPTY_BODY = YES;
				CLANG_WARN_ENUM_CONVERSION = YES;
				CLANG_WARN_INFINITE_RECURSION = YES;
				CLANG_WARN_INT_CONVERSION = YES;
				CLANG_WARN_OBJC_ROOT_CLASS = YES_ERROR;
				CLANG_WARN_SUSPICIOUS_MOVES = YES;
				CLANG_WARN_UNREACHABLE_CODE = YES;
				CLANG_WARN__DUPLICATE_METHOD_MATCH = YES;
				CODE_SIGN_IDENTITY = "-";
				COPY_PHASE_STRIP = NO;
				DEBUG_INFORMATION_FORMAT = "dwarf-with-dsym";
				ENABLE_NS_ASSERTIONS = NO;
				ENABLE_STRICT_OBJC_MSGSEND = YES;
				GCC_C_LANGUAGE_STANDARD = gnu99;
				GCC_NO_COMMON_BLOCKS = YES;
				GCC_WARN_64_TO_32_BIT_CONVERSION = YES;
				GCC_WARN_ABOUT_RETURN_TYPE = YES_ERROR;
				GCC_WARN_UNDECLARED_SELECTOR = YES;
				GCC_WARN_UNINITIALIZED_AUTOS = YES_AGGRESSIVE;
				GCC_WARN_UNUSED_FUNCTION = YES;
				GCC_WARN_UNUSED_VARIABLE = YES;
				MACOSX_DEPLOYMENT_TARGET = 10.12;
				MTL_ENABLE_DEBUG_INFO = NO;
				SDKROOT = macosx;
			};
			name = Release;
		};
		E71345331DDF02D200C981B3 /* Debug */ = {
			isa = XCBuildConfiguration;
			buildSettings = {
				PRODUCT_NAME = "$(TARGET_NAME)";
			};
			name = Debug;
		};
		E71345341DDF02D200C981B3 /* Release */ = {
			isa = XCBuildConfiguration;
			buildSettings = {
				PRODUCT_NAME = "$(TARGET_NAME)";
			};
			name = Release;
		};
/* End XCBuildConfiguration section */

/* Begin XCConfigurationList section */
		E71345261DDF02D200C981B3 /* Build configuration list for PBXProject "ShoppingList" */ = {
			isa = XCConfigurationList;
			buildConfigurations = (
				E71345301DDF02D200C981B3 /* Debug */,
				E71345311DDF02D200C981B3 /* Release */,
			);
			defaultConfigurationIsVisible = 0;
			defaultConfigurationName = Release;
		};
		E71345321DDF02D200C981B3 /* Build configuration list for PBXNativeTarget "ShoppingList" */ = {
			isa = XCConfigurationList;
			buildConfigurations = (
				E71345331DDF02D200C981B3 /* Debug */,
				E71345341DDF02D200C981B3 /* Release */,
			);
			defaultConfigurationIsVisible = 0;
		};
/* End XCConfigurationList section */
	};
	rootObject = E71345231DDF02D200C981B3 /* Project object */;
}
