// !$*UTF8*$!
{
	archiveVersion = 1;
	classes = {
	};
	objectVersion = 46;
	objects = {

/* Begin PBXBuildFile section */
		E73CC4EA1EA244D700BB50F0 /* AppDelegate.swift in Sources */ = {isa = PBXBuildFile; fileRef = E73CC4E91EA244D700BB50F0 /* AppDelegate.swift */; };
		E73CC4EC1EA244D700BB50F0 /* ViewController.swift in Sources */ = {isa = PBXBuildFile; fileRef = E73CC4EB1EA244D700BB50F0 /* ViewController.swift */; };
		E73CC4EF1EA244D700BB50F0 /* Main.storyboard in Resources */ = {isa = PBXBuildFile; fileRef = E73CC4ED1EA244D700BB50F0 /* Main.storyboard */; };
		E73CC4F11EA244D700BB50F0 /* Assets.xcassets in Resources */ = {isa = PBXBuildFile; fileRef = E73CC4F01EA244D700BB50F0 /* Assets.xcassets */; };
		E73CC4F41EA244D700BB50F0 /* LaunchScreen.storyboard in Resources */ = {isa = PBXBuildFile; fileRef = E73CC4F21EA244D700BB50F0 /* LaunchScreen.storyboard */; };
		E73CC4FC1EA2479E00BB50F0 /* GraphView.swift in Sources */ = {isa = PBXBuildFile; fileRef = E73CC4FB1EA2479E00BB50F0 /* GraphView.swift */; };
		E73CC4FF1EA24F3300BB50F0 /* dateTab.xib in Resources */ = {isa = PBXBuildFile; fileRef = E73CC4FE1EA24F3300BB50F0 /* dateTab.xib */; };
		E73CC5011EA2510900BB50F0 /* dateTabView.swift in Sources */ = {isa = PBXBuildFile; fileRef = E73CC5001EA2510900BB50F0 /* dateTabView.swift */; };
		E73CC5041EA25FCB00BB50F0 /* generalP.swift in Sources */ = {isa = PBXBuildFile; fileRef = E73CC5031EA25FCB00BB50F0 /* generalP.swift */; };
		E73CC5061EA2649A00BB50F0 /* ToolTip.swift in Sources */ = {isa = PBXBuildFile; fileRef = E73CC5051EA2649A00BB50F0 /* ToolTip.swift */; };
/* End PBXBuildFile section */

/* Begin PBXFileReference section */
		E73CC4E61EA244D700BB50F0 /* test-geekhub.app */ = {isa = PBXFileReference; explicitFileType = wrapper.application; includeInIndex = 0; path = "test-geekhub.app"; sourceTree = BUILT_PRODUCTS_DIR; };
		E73CC4E91EA244D700BB50F0 /* AppDelegate.swift */ = {isa = PBXFileReference; lastKnownFileType = sourcecode.swift; path = AppDelegate.swift; sourceTree = "<group>"; };
		E73CC4EB1EA244D700BB50F0 /* ViewController.swift */ = {isa = PBXFileReference; lastKnownFileType = sourcecode.swift; path = ViewController.swift; sourceTree = "<group>"; };
		E73CC4EE1EA244D700BB50F0 /* Base */ = {isa = PBXFileReference; lastKnownFileType = file.storyboard; name = Base; path = Base.lproj/Main.storyboard; sourceTree = "<group>"; };
		E73CC4F01EA244D700BB50F0 /* Assets.xcassets */ = {isa = PBXFileReference; lastKnownFileType = folder.assetcatalog; path = Assets.xcassets; sourceTree = "<group>"; };
		E73CC4F31EA244D700BB50F0 /* Base */ = {isa = PBXFileReference; lastKnownFileType = file.storyboard; name = Base; path = Base.lproj/LaunchScreen.storyboard; sourceTree = "<group>"; };
		E73CC4F51EA244D700BB50F0 /* Info.plist */ = {isa = PBXFileReference; lastKnownFileType = text.plist.xml; path = Info.plist; sourceTree = "<group>"; };
		E73CC4FB1EA2479E00BB50F0 /* GraphView.swift */ = {isa = PBXFileReference; fileEncoding = 4; lastKnownFileType = sourcecode.swift; path = GraphView.swift; sourceTree = "<group>"; };
		E73CC4FE1EA24F3300BB50F0 /* dateTab.xib */ = {isa = PBXFileReference; fileEncoding = 4; lastKnownFileType = file.xib; path = dateTab.xib; sourceTree = "<group>"; };
		E73CC5001EA2510900BB50F0 /* dateTabView.swift */ = {isa = PBXFileReference; fileEncoding = 4; lastKnownFileType = sourcecode.swift; path = dateTabView.swift; sourceTree = "<group>"; };
		E73CC5031EA25FCB00BB50F0 /* generalP.swift */ = {isa = PBXFileReference; fileEncoding = 4; lastKnownFileType = sourcecode.swift; path = generalP.swift; sourceTree = "<group>"; };
		E73CC5051EA2649A00BB50F0 /* ToolTip.swift */ = {isa = PBXFileReference; fileEncoding = 4; lastKnownFileType = sourcecode.swift; path = ToolTip.swift; sourceTree = "<group>"; };
/* End PBXFileReference section */

/* Begin PBXFrameworksBuildPhase section */
		E73CC4E31EA244D700BB50F0 /* Frameworks */ = {
			isa = PBXFrameworksBuildPhase;
			buildActionMask = 2147483647;
			files = (
			);
			runOnlyForDeploymentPostprocessing = 0;
		};
/* End PBXFrameworksBuildPhase section */

/* Begin PBXGroup section */
		E73CC4DD1EA244D700BB50F0 = {
			isa = PBXGroup;
			children = (
				E73CC4E81EA244D700BB50F0 /* test-geekhub */,
				E73CC4E71EA244D700BB50F0 /* Products */,
			);
			sourceTree = "<group>";
		};
		E73CC4E71EA244D700BB50F0 /* Products */ = {
			isa = PBXGroup;
			children = (
				E73CC4E61EA244D700BB50F0 /* test-geekhub.app */,
			);
			name = Products;
			sourceTree = "<group>";
		};
		E73CC4E81EA244D700BB50F0 /* test-geekhub */ = {
			isa = PBXGroup;
			children = (
				E73CC5021EA25FB200BB50F0 /* Helper */,
				E73CC4FD1EA24E8A00BB50F0 /* dateTab */,
				E73CC4FB1EA2479E00BB50F0 /* GraphView.swift */,
				E73CC4E91EA244D700BB50F0 /* AppDelegate.swift */,
				E73CC4EB1EA244D700BB50F0 /* ViewController.swift */,
				E73CC4ED1EA244D700BB50F0 /* Main.storyboard */,
				E73CC4F01EA244D700BB50F0 /* Assets.xcassets */,
				E73CC4F21EA244D700BB50F0 /* LaunchScreen.storyboard */,
				E73CC4F51EA244D700BB50F0 /* Info.plist */,
			);
			path = "test-geekhub";
			sourceTree = "<group>";
		};
		E73CC4FD1EA24E8A00BB50F0 /* dateTab */ = {
			isa = PBXGroup;
			children = (
				E73CC4FE1EA24F3300BB50F0 /* dateTab.xib */,
				E73CC5001EA2510900BB50F0 /* dateTabView.swift */,
			);
			path = dateTab;
			sourceTree = "<group>";
		};
		E73CC5021EA25FB200BB50F0 /* Helper */ = {
			isa = PBXGroup;
			children = (
				E73CC5031EA25FCB00BB50F0 /* generalP.swift */,
				E73CC5051EA2649A00BB50F0 /* ToolTip.swift */,
			);
			path = Helper;
			sourceTree = "<group>";
		};
/* End PBXGroup section */

/* Begin PBXNativeTarget section */
		E73CC4E51EA244D700BB50F0 /* test-geekhub */ = {
			isa = PBXNativeTarget;
			buildConfigurationList = E73CC4F81EA244D700BB50F0 /* Build configuration list for PBXNativeTarget "test-geekhub" */;
			buildPhases = (
				E73CC4E21EA244D700BB50F0 /* Sources */,
				E73CC4E31EA244D700BB50F0 /* Frameworks */,
				E73CC4E41EA244D700BB50F0 /* Resources */,
			);
			buildRules = (
			);
			dependencies = (
			);
			name = "test-geekhub";
			productName = "test-geekhub";
			productReference = E73CC4E61EA244D700BB50F0 /* test-geekhub.app */;
			productType = "com.apple.product-type.application";
		};
/* End PBXNativeTarget section */

/* Begin PBXProject section */
		E73CC4DE1EA244D700BB50F0 /* Project object */ = {
			isa = PBXProject;
			attributes = {
				LastSwiftUpdateCheck = 0830;
				LastUpgradeCheck = 0830;
				ORGANIZATIONNAME = mc373;
				TargetAttributes = {
					E73CC4E51EA244D700BB50F0 = {
						CreatedOnToolsVersion = 8.3.1;
						ProvisioningStyle = Automatic;
					};
				};
			};
			buildConfigurationList = E73CC4E11EA244D700BB50F0 /* Build configuration list for PBXProject "test-geekhub" */;
			compatibilityVersion = "Xcode 3.2";
			developmentRegion = English;
			hasScannedForEncodings = 0;
			knownRegions = (
				en,
				Base,
			);
			mainGroup = E73CC4DD1EA244D700BB50F0;
			productRefGroup = E73CC4E71EA244D700BB50F0 /* Products */;
			projectDirPath = "";
			projectRoot = "";
			targets = (
				E73CC4E51EA244D700BB50F0 /* test-geekhub */,
			);
		};
/* End PBXProject section */

/* Begin PBXResourcesBuildPhase section */
		E73CC4E41EA244D700BB50F0 /* Resources */ = {
			isa = PBXResourcesBuildPhase;
			buildActionMask = 2147483647;
			files = (
				E73CC4F41EA244D700BB50F0 /* LaunchScreen.storyboard in Resources */,
				E73CC4FF1EA24F3300BB50F0 /* dateTab.xib in Resources */,
				E73CC4F11EA244D700BB50F0 /* Assets.xcassets in Resources */,
				E73CC4EF1EA244D700BB50F0 /* Main.storyboard in Resources */,
			);
			runOnlyForDeploymentPostprocessing = 0;
		};
/* End PBXResourcesBuildPhase section */

/* Begin PBXSourcesBuildPhase section */
		E73CC4E21EA244D700BB50F0 /* Sources */ = {
			isa = PBXSourcesBuildPhase;
			buildActionMask = 2147483647;
			files = (
				E73CC5041EA25FCB00BB50F0 /* generalP.swift in Sources */,
				E73CC5011EA2510900BB50F0 /* dateTabView.swift in Sources */,
				E73CC4EC1EA244D700BB50F0 /* ViewController.swift in Sources */,
				E73CC5061EA2649A00BB50F0 /* ToolTip.swift in Sources */,
				E73CC4EA1EA244D700BB50F0 /* AppDelegate.swift in Sources */,
				E73CC4FC1EA2479E00BB50F0 /* GraphView.swift in Sources */,
			);
			runOnlyForDeploymentPostprocessing = 0;
		};
/* End PBXSourcesBuildPhase section */

/* Begin PBXVariantGroup section */
		E73CC4ED1EA244D700BB50F0 /* Main.storyboard */ = {
			isa = PBXVariantGroup;
			children = (
				E73CC4EE1EA244D700BB50F0 /* Base */,
			);
			name = Main.storyboard;
			sourceTree = "<group>";
		};
		E73CC4F21EA244D700BB50F0 /* LaunchScreen.storyboard */ = {
			isa = PBXVariantGroup;
			children = (
				E73CC4F31EA244D700BB50F0 /* Base */,
			);
			name = LaunchScreen.storyboard;
			sourceTree = "<group>";
		};
/* End PBXVariantGroup section */

/* Begin XCBuildConfiguration section */
		E73CC4F61EA244D700BB50F0 /* Debug */ = {
			isa = XCBuildConfiguration;
			buildSettings = {
				ALWAYS_SEARCH_USER_PATHS = NO;
				CLANG_ANALYZER_NONNULL = YES;
				CLANG_ANALYZER_NUMBER_OBJECT_CONVERSION = YES_AGGRESSIVE;
				CLANG_CXX_LANGUAGE_STANDARD = "gnu++0x";
				CLANG_CXX_LIBRARY = "libc++";
				CLANG_ENABLE_MODULES = YES;
				CLANG_ENABLE_OBJC_ARC = YES;
				CLANG_WARN_BOOL_CONVERSION = YES;
				CLANG_WARN_CONSTANT_CONVERSION = YES;
				CLANG_WARN_DIRECT_OBJC_ISA_USAGE = YES_ERROR;
				CLANG_WARN_DOCUMENTATION_COMMENTS = YES;
				CLANG_WARN_EMPTY_BODY = YES;
				CLANG_WARN_ENUM_CONVERSION = YES;
				CLANG_WARN_INFINITE_RECURSION = YES;
				CLANG_WARN_INT_CONVERSION = YES;
				CLANG_WARN_OBJC_ROOT_CLASS = YES_ERROR;
				CLANG_WARN_SUSPICIOUS_MOVE = YES;
				CLANG_WARN_UNREACHABLE_CODE = YES;
				CLANG_WARN__DUPLICATE_METHOD_MATCH = YES;
				"CODE_SIGN_IDENTITY[sdk=iphoneos*]" = "iPhone Developer";
				COPY_PHASE_STRIP = NO;
				DEBUG_INFORMATION_FORMAT = dwarf;
				ENABLE_STRICT_OBJC_MSGSEND = YES;
				ENABLE_TESTABILITY = YES;
				GCC_C_LANGUAGE_STANDARD = gnu99;
				GCC_DYNAMIC_NO_PIC = NO;
				GCC_NO_COMMON_BLOCKS = YES;
				GCC_OPTIMIZATION_LEVEL = 0;
				GCC_PREPROCESSOR_DEFINITIONS = (
					"DEBUG=1",
					"$(inherited)",
				);
				GCC_WARN_64_TO_32_BIT_CONVERSION = YES;
				GCC_WARN_ABOUT_RETURN_TYPE = YES_ERROR;
				GCC_WARN_UNDECLARED_SELECTOR = YES;
				GCC_WARN_UNINITIALIZED_AUTOS = YES_AGGRESSIVE;
				GCC_WARN_UNUSED_FUNCTION = YES;
				GCC_WARN_UNUSED_VARIABLE = YES;
				IPHONEOS_DEPLOYMENT_TARGET = 10.3;
				MTL_ENABLE_DEBUG_INFO = YES;
				ONLY_ACTIVE_ARCH = YES;
				SDKROOT = iphoneos;
				SWIFT_ACTIVE_COMPILATION_CONDITIONS = DEBUG;
				SWIFT_OPTIMIZATION_LEVEL = "-Onone";
			};
			name = Debug;
		};
		E73CC4F71EA244D700BB50F0 /* Release */ = {
			isa = XCBuildConfiguration;
			buildSettings = {
				ALWAYS_SEARCH_USER_PATHS = NO;
				CLANG_ANALYZER_NONNULL = YES;
				CLANG_ANALYZER_NUMBER_OBJECT_CONVERSION = YES_AGGRESSIVE;
				CLANG_CXX_LANGUAGE_STANDARD = "gnu++0x";
				CLANG_CXX_LIBRARY = "libc++";
				CLANG_ENABLE_MODULES = YES;
				CLANG_ENABLE_OBJC_ARC = YES;
				CLANG_WARN_BOOL_CONVERSION = YES;
				CLANG_WARN_CONSTANT_CONVERSION = YES;
				CLANG_WARN_DIRECT_OBJC_ISA_USAGE = YES_ERROR;
				CLANG_WARN_DOCUMENTATION_COMMENTS = YES;
				CLANG_WARN_EMPTY_BODY = YES;
				CLANG_WARN_ENUM_CONVERSION = YES;
				CLANG_WARN_INFINITE_RECURSION = YES;
				CLANG_WARN_INT_CONVERSION = YES;
				CLANG_WARN_OBJC_ROOT_CLASS = YES_ERROR;
				CLANG_WARN_SUSPICIOUS_MOVE = YES;
				CLANG_WARN_UNREACHABLE_CODE = YES;
				CLANG_WARN__DUPLICATE_METHOD_MATCH = YES;
				"CODE_SIGN_IDENTITY[sdk=iphoneos*]" = "iPhone Developer";
				COPY_PHASE_STRIP = NO;
				DEBUG_INFORMATION_FORMAT = "dwarf-with-dsym";
				ENABLE_NS_ASSERTIONS = NO;
				ENABLE_STRICT_OBJC_MSGSEND = YES;
				GCC_C_LANGUAGE_STANDARD = gnu99;
				GCC_NO_COMMON_BLOCKS = YES;
				GCC_WARN_64_TO_32_BIT_CONVERSION = YES;
				GCC_WARN_ABOUT_RETURN_TYPE = YES_ERROR;
				GCC_WARN_UNDECLARED_SELECTOR = YES;
				GCC_WARN_UNINITIALIZED_AUTOS = YES_AGGRESSIVE;
				GCC_WARN_UNUSED_FUNCTION = YES;
				GCC_WARN_UNUSED_VARIABLE = YES;
				IPHONEOS_DEPLOYMENT_TARGET = 10.3;
				MTL_ENABLE_DEBUG_INFO = NO;
				SDKROOT = iphoneos;
				SWIFT_OPTIMIZATION_LEVEL = "-Owholemodule";
				VALIDATE_PRODUCT = YES;
			};
			name = Release;
		};
		E73CC4F91EA244D700BB50F0 /* Debug */ = {
			isa = XCBuildConfiguration;
			buildSettings = {
				ASSETCATALOG_COMPILER_APPICON_NAME = AppIcon;
				INFOPLIST_FILE = "test-geekhub/Info.plist";
				LD_RUNPATH_SEARCH_PATHS = "$(inherited) @executable_path/Frameworks";
				PRODUCT_BUNDLE_IDENTIFIER = "dementiev-nikolay.test-geekhub";
				PRODUCT_NAME = "$(TARGET_NAME)";
				SWIFT_VERSION = 3.0;
			};
			name = Debug;
		};
		E73CC4FA1EA244D700BB50F0 /* Release */ = {
			isa = XCBuildConfiguration;
			buildSettings = {
				ASSETCATALOG_COMPILER_APPICON_NAME = AppIcon;
				INFOPLIST_FILE = "test-geekhub/Info.plist";
				LD_RUNPATH_SEARCH_PATHS = "$(inherited) @executable_path/Frameworks";
				PRODUCT_BUNDLE_IDENTIFIER = "dementiev-nikolay.test-geekhub";
				PRODUCT_NAME = "$(TARGET_NAME)";
				SWIFT_VERSION = 3.0;
			};
			name = Release;
		};
/* End XCBuildConfiguration section */

/* Begin XCConfigurationList section */
		E73CC4E11EA244D700BB50F0 /* Build configuration list for PBXProject "test-geekhub" */ = {
			isa = XCConfigurationList;
			buildConfigurations = (
				E73CC4F61EA244D700BB50F0 /* Debug */,
				E73CC4F71EA244D700BB50F0 /* Release */,
			);
			defaultConfigurationIsVisible = 0;
			defaultConfigurationName = Release;
		};
		E73CC4F81EA244D700BB50F0 /* Build configuration list for PBXNativeTarget "test-geekhub" */ = {
			isa = XCConfigurationList;
			buildConfigurations = (
				E73CC4F91EA244D700BB50F0 /* Debug */,
				E73CC4FA1EA244D700BB50F0 /* Release */,
			);
			defaultConfigurationIsVisible = 0;
		};
/* End XCConfigurationList section */
	};
	rootObject = E73CC4DE1EA244D700BB50F0 /* Project object */;
}
