// !$*UTF8*$!
{
	archiveVersion = 1;
	classes = {
	};
	objectVersion = 46;
	objects = {

/* Begin PBXBuildFile section */
		E76D8ADF1DE60BB600340697 /* main.m in Sources */ = {isa = PBXBuildFile; fileRef = E76D8ADE1DE60BB600340697 /* main.m */; };
		E76D8AE71DE60BFF00340697 /* WeatherAPI.m in Sources */ = {isa = PBXBuildFile; fileRef = E76D8AE61DE60BFF00340697 /* WeatherAPI.m */; };
/* End PBXBuildFile section */

/* Begin PBXCopyFilesBuildPhase section */
		E76D8AD91DE60BB600340697 /* CopyFiles */ = {
			isa = PBXCopyFilesBuildPhase;
			buildActionMask = 2147483647;
			dstPath = /usr/share/man/man1/;
			dstSubfolderSpec = 0;
			files = (
			);
			runOnlyForDeploymentPostprocessing = 1;
		};
/* End PBXCopyFilesBuildPhase section */

/* Begin PBXFileReference section */
		E76D8ADB1DE60BB600340697 /* WeatheAPIInfo */ = {isa = PBXFileReference; explicitFileType = "compiled.mach-o.executable"; includeInIndex = 0; path = WeatheAPIInfo; sourceTree = BUILT_PRODUCTS_DIR; };
		E76D8ADE1DE60BB600340697 /* main.m */ = {isa = PBXFileReference; lastKnownFileType = sourcecode.c.objc; path = main.m; sourceTree = "<group>"; };
		E76D8AE51DE60BD700340697 /* WeatherAPI.h */ = {isa = PBXFileReference; lastKnownFileType = sourcecode.c.h; path = WeatherAPI.h; sourceTree = "<group>"; };
		E76D8AE61DE60BFF00340697 /* WeatherAPI.m */ = {isa = PBXFileReference; fileEncoding = 4; lastKnownFileType = sourcecode.c.objc; path = WeatherAPI.m; sourceTree = "<group>"; };
/* End PBXFileReference section */

/* Begin PBXFrameworksBuildPhase section */
		E76D8AD81DE60BB600340697 /* Frameworks */ = {
			isa = PBXFrameworksBuildPhase;
			buildActionMask = 2147483647;
			files = (
			);
			runOnlyForDeploymentPostprocessing = 0;
		};
/* End PBXFrameworksBuildPhase section */

/* Begin PBXGroup section */
		E76D8AD21DE60BB600340697 = {
			isa = PBXGroup;
			children = (
				E76D8ADD1DE60BB600340697 /* WeatheAPIInfo */,
				E76D8ADC1DE60BB600340697 /* Products */,
			);
			sourceTree = "<group>";
		};
		E76D8ADC1DE60BB600340697 /* Products */ = {
			isa = PBXGroup;
			children = (
				E76D8ADB1DE60BB600340697 /* WeatheAPIInfo */,
			);
			name = Products;
			sourceTree = "<group>";
		};
		E76D8ADD1DE60BB600340697 /* WeatheAPIInfo */ = {
			isa = PBXGroup;
			children = (
				E76D8ADE1DE60BB600340697 /* main.m */,
				E76D8AE51DE60BD700340697 /* WeatherAPI.h */,
				E76D8AE61DE60BFF00340697 /* WeatherAPI.m */,
			);
			path = WeatheAPIInfo;
			sourceTree = "<group>";
		};
/* End PBXGroup section */

/* Begin PBXNativeTarget section */
		E76D8ADA1DE60BB600340697 /* WeatheAPIInfo */ = {
			isa = PBXNativeTarget;
			buildConfigurationList = E76D8AE21DE60BB600340697 /* Build configuration list for PBXNativeTarget "WeatheAPIInfo" */;
			buildPhases = (
				E76D8AD71DE60BB600340697 /* Sources */,
				E76D8AD81DE60BB600340697 /* Frameworks */,
				E76D8AD91DE60BB600340697 /* CopyFiles */,
			);
			buildRules = (
			);
			dependencies = (
			);
			name = WeatheAPIInfo;
			productName = WeatheAPIInfo;
			productReference = E76D8ADB1DE60BB600340697 /* WeatheAPIInfo */;
			productType = "com.apple.product-type.tool";
		};
/* End PBXNativeTarget section */

/* Begin PBXProject section */
		E76D8AD31DE60BB600340697 /* Project object */ = {
			isa = PBXProject;
			attributes = {
				LastUpgradeCheck = 0810;
				ORGANIZATIONNAME = mc373;
				TargetAttributes = {
					E76D8ADA1DE60BB600340697 = {
						CreatedOnToolsVersion = 8.1;
						ProvisioningStyle = Automatic;
					};
				};
			};
			buildConfigurationList = E76D8AD61DE60BB600340697 /* Build configuration list for PBXProject "WeatheAPIInfo" */;
			compatibilityVersion = "Xcode 3.2";
			developmentRegion = English;
			hasScannedForEncodings = 0;
			knownRegions = (
				en,
			);
			mainGroup = E76D8AD21DE60BB600340697;
			productRefGroup = E76D8ADC1DE60BB600340697 /* Products */;
			projectDirPath = "";
			projectRoot = "";
			targets = (
				E76D8ADA1DE60BB600340697 /* WeatheAPIInfo */,
			);
		};
/* End PBXProject section */

/* Begin PBXSourcesBuildPhase section */
		E76D8AD71DE60BB600340697 /* Sources */ = {
			isa = PBXSourcesBuildPhase;
			buildActionMask = 2147483647;
			files = (
				E76D8ADF1DE60BB600340697 /* main.m in Sources */,
				E76D8AE71DE60BFF00340697 /* WeatherAPI.m in Sources */,
			);
			runOnlyForDeploymentPostprocessing = 0;
		};
/* End PBXSourcesBuildPhase section */

/* Begin XCBuildConfiguration section */
		E76D8AE01DE60BB600340697 /* Debug */ = {
			isa = XCBuildConfiguration;
			buildSettings = {
				ALWAYS_SEARCH_USER_PATHS = NO;
				CLANG_ANALYZER_NONNULL = YES;
				CLANG_CXX_LANGUAGE_STANDARD = "gnu++0x";
				CLANG_CXX_LIBRARY = "libc++";
				CLANG_ENABLE_MODULES = YES;
				CLANG_ENABLE_OBJC_ARC = YES;
				CLANG_WARN_BOOL_CONVERSION = YES;
				CLANG_WARN_CONSTANT_CONVERSION = YES;
				CLANG_WARN_DIRECT_OBJC_ISA_USAGE = YES_ERROR;
				CLANG_WARN_DOCUMENTATION_COMMENTS = YES;
				CLANG_WARN_EMPTY_BODY = YES;
				CLANG_WARN_ENUM_CONVERSION = YES;
				CLANG_WARN_INFINITE_RECURSION = YES;
				CLANG_WARN_INT_CONVERSION = YES;
				CLANG_WARN_OBJC_ROOT_CLASS = YES_ERROR;
				CLANG_WARN_SUSPICIOUS_MOVES = YES;
				CLANG_WARN_UNREACHABLE_CODE = YES;
				CLANG_WARN__DUPLICATE_METHOD_MATCH = YES;
				CODE_SIGN_IDENTITY = "-";
				COPY_PHASE_STRIP = NO;
				DEBUG_INFORMATION_FORMAT = dwarf;
				ENABLE_STRICT_OBJC_MSGSEND = YES;
				ENABLE_TESTABILITY = YES;
				GCC_C_LANGUAGE_STANDARD = gnu99;
				GCC_DYNAMIC_NO_PIC = NO;
				GCC_NO_COMMON_BLOCKS = YES;
				GCC_OPTIMIZATION_LEVEL = 0;
				GCC_PREPROCESSOR_DEFINITIONS = (
					"DEBUG=1",
					"$(inherited)",
				);
				GCC_WARN_64_TO_32_BIT_CONVERSION = YES;
				GCC_WARN_ABOUT_RETURN_TYPE = YES_ERROR;
				GCC_WARN_UNDECLARED_SELECTOR = YES;
				GCC_WARN_UNINITIALIZED_AUTOS = YES_AGGRESSIVE;
				GCC_WARN_UNUSED_FUNCTION = YES;
				GCC_WARN_UNUSED_VARIABLE = YES;
				MACOSX_DEPLOYMENT_TARGET = 10.12;
				MTL_ENABLE_DEBUG_INFO = YES;
				ONLY_ACTIVE_ARCH = YES;
				SDKROOT = macosx;
			};
			name = Debug;
		};
		E76D8AE11DE60BB600340697 /* Release */ = {
			isa = XCBuildConfiguration;
			buildSettings = {
				ALWAYS_SEARCH_USER_PATHS = NO;
				CLANG_ANALYZER_NONNULL = YES;
				CLANG_CXX_LANGUAGE_STANDARD = "gnu++0x";
				CLANG_CXX_LIBRARY = "libc++";
				CLANG_ENABLE_MODULES = YES;
				CLANG_ENABLE_OBJC_ARC = YES;
				CLANG_WARN_BOOL_CONVERSION = YES;
				CLANG_WARN_CONSTANT_CONVERSION = YES;
				CLANG_WARN_DIRECT_OBJC_ISA_USAGE = YES_ERROR;
				CLANG_WARN_DOCUMENTATION_COMMENTS = YES;
				CLANG_WARN_EMPTY_BODY = YES;
				CLANG_WARN_ENUM_CONVERSION = YES;
				CLANG_WARN_INFINITE_RECURSION = YES;
				CLANG_WARN_INT_CONVERSION = YES;
				CLANG_WARN_OBJC_ROOT_CLASS = YES_ERROR;
				CLANG_WARN_SUSPICIOUS_MOVES = YES;
				CLANG_WARN_UNREACHABLE_CODE = YES;
				CLANG_WARN__DUPLICATE_METHOD_MATCH = YES;
				CODE_SIGN_IDENTITY = "-";
				COPY_PHASE_STRIP = NO;
				DEBUG_INFORMATION_FORMAT = "dwarf-with-dsym";
				ENABLE_NS_ASSERTIONS = NO;
				ENABLE_STRICT_OBJC_MSGSEND = YES;
				GCC_C_LANGUAGE_STANDARD = gnu99;
				GCC_NO_COMMON_BLOCKS = YES;
				GCC_WARN_64_TO_32_BIT_CONVERSION = YES;
				GCC_WARN_ABOUT_RETURN_TYPE = YES_ERROR;
				GCC_WARN_UNDECLARED_SELECTOR = YES;
				GCC_WARN_UNINITIALIZED_AUTOS = YES_AGGRESSIVE;
				GCC_WARN_UNUSED_FUNCTION = YES;
				GCC_WARN_UNUSED_VARIABLE = YES;
				MACOSX_DEPLOYMENT_TARGET = 10.12;
				MTL_ENABLE_DEBUG_INFO = NO;
				SDKROOT = macosx;
			};
			name = Release;
		};
		E76D8AE31DE60BB600340697 /* Debug */ = {
			isa = XCBuildConfiguration;
			buildSettings = {
				PRODUCT_NAME = "$(TARGET_NAME)";
			};
			name = Debug;
		};
		E76D8AE41DE60BB600340697 /* Release */ = {
			isa = XCBuildConfiguration;
			buildSettings = {
				PRODUCT_NAME = "$(TARGET_NAME)";
			};
			name = Release;
		};
/* End XCBuildConfiguration section */

/* Begin XCConfigurationList section */
		E76D8AD61DE60BB600340697 /* Build configuration list for PBXProject "WeatheAPIInfo" */ = {
			isa = XCConfigurationList;
			buildConfigurations = (
				E76D8AE01DE60BB600340697 /* Debug */,
				E76D8AE11DE60BB600340697 /* Release */,
			);
			defaultConfigurationIsVisible = 0;
			defaultConfigurationName = Release;
		};
		E76D8AE21DE60BB600340697 /* Build configuration list for PBXNativeTarget "WeatheAPIInfo" */ = {
			isa = XCConfigurationList;
			buildConfigurations = (
				E76D8AE31DE60BB600340697 /* Debug */,
				E76D8AE41DE60BB600340697 /* Release */,
			);
			defaultConfigurationIsVisible = 0;
		};
/* End XCConfigurationList section */
	};
	rootObject = E76D8AD31DE60BB600340697 /* Project object */;
}
